
Microsoft Visual Studio Solution File, Format Version 12.00
# Visual Studio 2012
Project("{FAE04EC0-301F-11D3-BF4B-00C04F79EFBC}") = "EasyGelf.Core", "EasyGelf.Core\EasyGelf.Core.csproj", "{B928D694-5633-4F00-B70F-23F6E5F3A2DB}"
EndProject
Project("{FAE04EC0-301F-11D3-BF4B-00C04F79EFBC}") = "EasyGelf.NLog", "EasyGelf.NLog\EasyGelf.NLog.csproj", "{A761D25B-60F1-49B4-A5CD-748B57C6513C}"
EndProject
Global
	GlobalSection(SolutionConfigurationPlatforms) = preSolution
		Debug|Any CPU = Debug|Any CPU
		Release|Any CPU = Release|Any CPU
	EndGlobalSection
	GlobalSection(ProjectConfigurationPlatforms) = postSolution
		{B928D694-5633-4F00-B70F-23F6E5F3A2DB}.Debug|Any CPU.ActiveCfg = Debug|Any CPU
		{B928D694-5633-4F00-B70F-23F6E5F3A2DB}.Debug|Any CPU.Build.0 = Debug|Any CPU
		{B928D694-5633-4F00-B70F-23F6E5F3A2DB}.Release|Any CPU.ActiveCfg = Release|Any CPU
		{B928D694-5633-4F00-B70F-23F6E5F3A2DB}.Release|Any CPU.Build.0 = Release|Any CPU
		{A761D25B-60F1-49B4-A5CD-748B57C6513C}.Debug|Any CPU.ActiveCfg = Debug|Any CPU
		{A761D25B-60F1-49B4-A5CD-748B57C6513C}.Debug|Any CPU.Build.0 = Debug|Any CPU
		{A761D25B-60F1-49B4-A5CD-748B57C6513C}.Release|Any CPU.ActiveCfg = Release|Any CPU
		{A761D25B-60F1-49B4-A5CD-748B57C6513C}.Release|Any CPU.Build.0 = Release|Any CPU
	EndGlobalSection
	GlobalSection(SolutionProperties) = preSolution
		HideSolutionNode = FALSE
	EndGlobalSection
EndGlobal
